
Microsoft Visual Studio Solution File, Format Version 12.00
# Visual Studio Version 17
VisualStudioVersion = 17.2.32630.192
MinimumVisualStudioVersion = 10.0.40219.1
Project("{FAE04EC0-301F-11D3-BF4B-00C04F79EFBC}") = "homeworks 13.08.2022", "homeworks 13.08.2022\homeworks 13.08.2022.csproj", "{2D5FEEAC-3AC2-4048-A7AA-BE581874E883}"
EndProject
Global
	GlobalSection(SolutionConfigurationPlatforms) = preSolution
		Debug|Any CPU = Debug|Any CPU
		Release|Any CPU = Release|Any CPU
	EndGlobalSection
	GlobalSection(ProjectConfigurationPlatforms) = postSolution
		{2D5FEEAC-3AC2-4048-A7AA-BE581874E883}.Debug|Any CPU.ActiveCfg = Debug|Any CPU
		{2D5FEEAC-3AC2-4048-A7AA-BE581874E883}.Debug|Any CPU.Build.0 = Debug|Any CPU
		{2D5FEEAC-3AC2-4048-A7AA-BE581874E883}.Release|Any CPU.ActiveCfg = Release|Any CPU
		{2D5FEEAC-3AC2-4048-A7AA-BE581874E883}.Release|Any CPU.Build.0 = Release|Any CPU
	EndGlobalSection
	GlobalSection(SolutionProperties) = preSolution
		HideSolutionNode = FALSE
	EndGlobalSection
	GlobalSection(ExtensibilityGlobals) = postSolution
		SolutionGuid = {453F3141-1598-4B32-BE8B-5324BD4F5F85}
	EndGlobalSection
EndGlobal
